// !$*UTF8*$!
{
	archiveVersion = 1;
	classes = {
	};
	objectVersion = 55;
	objects = {

/* Begin PBXBuildFile section */
		8AFCA74027D4900500B1F458 /* AppDelegate.swift in Sources */ = {isa = PBXBuildFile; fileRef = 8AFCA73F27D4900500B1F458 /* AppDelegate.swift */; };
		8AFCA74227D4900500B1F458 /* SceneDelegate.swift in Sources */ = {isa = PBXBuildFile; fileRef = 8AFCA74127D4900500B1F458 /* SceneDelegate.swift */; };
		8AFCA74427D4900500B1F458 /* ViewController.swift in Sources */ = {isa = PBXBuildFile; fileRef = 8AFCA74327D4900500B1F458 /* ViewController.swift */; };
		8AFCA74727D4900500B1F458 /* Main.storyboard in Resources */ = {isa = PBXBuildFile; fileRef = 8AFCA74527D4900500B1F458 /* Main.storyboard */; };
		8AFCA74A27D4900500B1F458 /* demo.xcdatamodeld in Sources */ = {isa = PBXBuildFile; fileRef = 8AFCA74827D4900500B1F458 /* demo.xcdatamodeld */; };
		8AFCA74C27D4900900B1F458 /* Assets.xcassets in Resources */ = {isa = PBXBuildFile; fileRef = 8AFCA74B27D4900900B1F458 /* Assets.xcassets */; };
		8AFCA74F27D4900900B1F458 /* LaunchScreen.storyboard in Resources */ = {isa = PBXBuildFile; fileRef = 8AFCA74D27D4900900B1F458 /* LaunchScreen.storyboard */; };
		8AFCA75A27D4900A00B1F458 /* demoTests.swift in Sources */ = {isa = PBXBuildFile; fileRef = 8AFCA75927D4900A00B1F458 /* demoTests.swift */; };
		8AFCA76427D4900A00B1F458 /* demoUITests.swift in Sources */ = {isa = PBXBuildFile; fileRef = 8AFCA76327D4900A00B1F458 /* demoUITests.swift */; };
		8AFCA76627D4900A00B1F458 /* demoUITestsLaunchTests.swift in Sources */ = {isa = PBXBuildFile; fileRef = 8AFCA76527D4900A00B1F458 /* demoUITestsLaunchTests.swift */; };
/* End PBXBuildFile section */

/* Begin PBXContainerItemProxy section */
		8AFCA75627D4900A00B1F458 /* PBXContainerItemProxy */ = {
			isa = PBXContainerItemProxy;
			containerPortal = 8AFCA73427D4900500B1F458 /* Project object */;
			proxyType = 1;
			remoteGlobalIDString = 8AFCA73B27D4900500B1F458;
			remoteInfo = demo;
		};
		8AFCA76027D4900A00B1F458 /* PBXContainerItemProxy */ = {
			isa = PBXContainerItemProxy;
			containerPortal = 8AFCA73427D4900500B1F458 /* Project object */;
			proxyType = 1;
			remoteGlobalIDString = 8AFCA73B27D4900500B1F458;
			remoteInfo = demo;
		};
/* End PBXContainerItemProxy section */

/* Begin PBXFileReference section */
		8AFCA73C27D4900500B1F458 /* demo.app */ = {isa = PBXFileReference; explicitFileType = wrapper.application; includeInIndex = 0; path = demo.app; sourceTree = BUILT_PRODUCTS_DIR; };
		8AFCA73F27D4900500B1F458 /* AppDelegate.swift */ = {isa = PBXFileReference; lastKnownFileType = sourcecode.swift; path = AppDelegate.swift; sourceTree = "<group>"; };
		8AFCA74127D4900500B1F458 /* SceneDelegate.swift */ = {isa = PBXFileReference; lastKnownFileType = sourcecode.swift; path = SceneDelegate.swift; sourceTree = "<group>"; };
		8AFCA74327D4900500B1F458 /* ViewController.swift */ = {isa = PBXFileReference; lastKnownFileType = sourcecode.swift; path = ViewController.swift; sourceTree = "<group>"; };
		8AFCA74627D4900500B1F458 /* Base */ = {isa = PBXFileReference; lastKnownFileType = file.storyboard; name = Base; path = Base.lproj/Main.storyboard; sourceTree = "<group>"; };
		8AFCA74927D4900500B1F458 /* demo.xcdatamodel */ = {isa = PBXFileReference; lastKnownFileType = wrapper.xcdatamodel; path = demo.xcdatamodel; sourceTree = "<group>"; };
		8AFCA74B27D4900900B1F458 /* Assets.xcassets */ = {isa = PBXFileReference; lastKnownFileType = folder.assetcatalog; path = Assets.xcassets; sourceTree = "<group>"; };
		8AFCA74E27D4900900B1F458 /* Base */ = {isa = PBXFileReference; lastKnownFileType = file.storyboard; name = Base; path = Base.lproj/LaunchScreen.storyboard; sourceTree = "<group>"; };
		8AFCA75027D4900900B1F458 /* Info.plist */ = {isa = PBXFileReference; lastKnownFileType = text.plist.xml; path = Info.plist; sourceTree = "<group>"; };
		8AFCA75527D4900A00B1F458 /* demoTests.xctest */ = {isa = PBXFileReference; explicitFileType = wrapper.cfbundle; includeInIndex = 0; path = demoTests.xctest; sourceTree = BUILT_PRODUCTS_DIR; };
		8AFCA75927D4900A00B1F458 /* demoTests.swift */ = {isa = PBXFileReference; lastKnownFileType = sourcecode.swift; path = demoTests.swift; sourceTree = "<group>"; };
		8AFCA75F27D4900A00B1F458 /* demoUITests.xctest */ = {isa = PBXFileReference; explicitFileType = wrapper.cfbundle; includeInIndex = 0; path = demoUITests.xctest; sourceTree = BUILT_PRODUCTS_DIR; };
		8AFCA76327D4900A00B1F458 /* demoUITests.swift */ = {isa = PBXFileReference; lastKnownFileType = sourcecode.swift; path = demoUITests.swift; sourceTree = "<group>"; };
		8AFCA76527D4900A00B1F458 /* demoUITestsLaunchTests.swift */ = {isa = PBXFileReference; lastKnownFileType = sourcecode.swift; path = demoUITestsLaunchTests.swift; sourceTree = "<group>"; };
/* End PBXFileReference section */

/* Begin PBXFrameworksBuildPhase section */
		8AFCA73927D4900500B1F458 /* Frameworks */ = {
			isa = PBXFrameworksBuildPhase;
			buildActionMask = 2147483647;
			files = (
			);
			runOnlyForDeploymentPostprocessing = 0;
		};
		8AFCA75227D4900A00B1F458 /* Frameworks */ = {
			isa = PBXFrameworksBuildPhase;
			buildActionMask = 2147483647;
			files = (
			);
			runOnlyForDeploymentPostprocessing = 0;
		};
		8AFCA75C27D4900A00B1F458 /* Frameworks */ = {
			isa = PBXFrameworksBuildPhase;
			buildActionMask = 2147483647;
			files = (
			);
			runOnlyForDeploymentPostprocessing = 0;
		};
/* End PBXFrameworksBuildPhase section */

/* Begin PBXGroup section */
		8AFCA73327D4900500B1F458 = {
			isa = PBXGroup;
			children = (
				8AFCA73E27D4900500B1F458 /* demo */,
				8AFCA75827D4900A00B1F458 /* demoTests */,
				8AFCA76227D4900A00B1F458 /* demoUITests */,
				8AFCA73D27D4900500B1F458 /* Products */,
			);
			sourceTree = "<group>";
		};
		8AFCA73D27D4900500B1F458 /* Products */ = {
			isa = PBXGroup;
			children = (
				8AFCA73C27D4900500B1F458 /* demo.app */,
				8AFCA75527D4900A00B1F458 /* demoTests.xctest */,
				8AFCA75F27D4900A00B1F458 /* demoUITests.xctest */,
			);
			name = Products;
			sourceTree = "<group>";
		};
		8AFCA73E27D4900500B1F458 /* demo */ = {
			isa = PBXGroup;
			children = (
				8AFCA73F27D4900500B1F458 /* AppDelegate.swift */,
				8AFCA74127D4900500B1F458 /* SceneDelegate.swift */,
				8AFCA74327D4900500B1F458 /* ViewController.swift */,
				8AFCA74527D4900500B1F458 /* Main.storyboard */,
				8AFCA74B27D4900900B1F458 /* Assets.xcassets */,
				8AFCA74D27D4900900B1F458 /* LaunchScreen.storyboard */,
				8AFCA75027D4900900B1F458 /* Info.plist */,
				8AFCA74827D4900500B1F458 /* demo.xcdatamodeld */,
			);
			path = demo;
			sourceTree = "<group>";
		};
		8AFCA75827D4900A00B1F458 /* demoTests */ = {
			isa = PBXGroup;
			children = (
				8AFCA75927D4900A00B1F458 /* demoTests.swift */,
			);
			path = demoTests;
			sourceTree = "<group>";
		};
		8AFCA76227D4900A00B1F458 /* demoUITests */ = {
			isa = PBXGroup;
			children = (
				8AFCA76327D4900A00B1F458 /* demoUITests.swift */,
				8AFCA76527D4900A00B1F458 /* demoUITestsLaunchTests.swift */,
			);
			path = demoUITests;
			sourceTree = "<group>";
		};
/* End PBXGroup section */

/* Begin PBXNativeTarget section */
		8AFCA73B27D4900500B1F458 /* demo */ = {
			isa = PBXNativeTarget;
			buildConfigurationList = 8AFCA76927D4900A00B1F458 /* Build configuration list for PBXNativeTarget "demo" */;
			buildPhases = (
				8AFCA73827D4900500B1F458 /* Sources */,
				8AFCA73927D4900500B1F458 /* Frameworks */,
				8AFCA73A27D4900500B1F458 /* Resources */,
			);
			buildRules = (
			);
			dependencies = (
			);
			name = demo;
			productName = demo;
			productReference = 8AFCA73C27D4900500B1F458 /* demo.app */;
			productType = "com.apple.product-type.application";
		};
		8AFCA75427D4900A00B1F458 /* demoTests */ = {
			isa = PBXNativeTarget;
			buildConfigurationList = 8AFCA76C27D4900A00B1F458 /* Build configuration list for PBXNativeTarget "demoTests" */;
			buildPhases = (
				8AFCA75127D4900A00B1F458 /* Sources */,
				8AFCA75227D4900A00B1F458 /* Frameworks */,
				8AFCA75327D4900A00B1F458 /* Resources */,
			);
			buildRules = (
			);
			dependencies = (
				8AFCA75727D4900A00B1F458 /* PBXTargetDependency */,
			);
			name = demoTests;
			productName = demoTests;
			productReference = 8AFCA75527D4900A00B1F458 /* demoTests.xctest */;
			productType = "com.apple.product-type.bundle.unit-test";
		};
		8AFCA75E27D4900A00B1F458 /* demoUITests */ = {
			isa = PBXNativeTarget;
			buildConfigurationList = 8AFCA76F27D4900A00B1F458 /* Build configuration list for PBXNativeTarget "demoUITests" */;
			buildPhases = (
				8AFCA75B27D4900A00B1F458 /* Sources */,
				8AFCA75C27D4900A00B1F458 /* Frameworks */,
				8AFCA75D27D4900A00B1F458 /* Resources */,
			);
			buildRules = (
			);
			dependencies = (
				8AFCA76127D4900A00B1F458 /* PBXTargetDependency */,
			);
			name = demoUITests;
			productName = demoUITests;
			productReference = 8AFCA75F27D4900A00B1F458 /* demoUITests.xctest */;
			productType = "com.apple.product-type.bundle.ui-testing";
		};
/* End PBXNativeTarget section */

/* Begin PBXProject section */
		8AFCA73427D4900500B1F458 /* Project object */ = {
			isa = PBXProject;
			attributes = {
				BuildIndependentTargetsInParallel = 1;
				LastSwiftUpdateCheck = 1320;
				LastUpgradeCheck = 1320;
				TargetAttributes = {
					8AFCA73B27D4900500B1F458 = {
						CreatedOnToolsVersion = 13.2.1;
					};
					8AFCA75427D4900A00B1F458 = {
						CreatedOnToolsVersion = 13.2.1;
						TestTargetID = 8AFCA73B27D4900500B1F458;
					};
					8AFCA75E27D4900A00B1F458 = {
						CreatedOnToolsVersion = 13.2.1;
						TestTargetID = 8AFCA73B27D4900500B1F458;
					};
				};
			};
			buildConfigurationList = 8AFCA73727D4900500B1F458 /* Build configuration list for PBXProject "demo" */;
			compatibilityVersion = "Xcode 13.0";
			developmentRegion = en;
			hasScannedForEncodings = 0;
			knownRegions = (
				en,
				Base,
			);
			mainGroup = 8AFCA73327D4900500B1F458;
			productRefGroup = 8AFCA73D27D4900500B1F458 /* Products */;
			projectDirPath = "";
			projectRoot = "";
			targets = (
				8AFCA73B27D4900500B1F458 /* demo */,
				8AFCA75427D4900A00B1F458 /* demoTests */,
				8AFCA75E27D4900A00B1F458 /* demoUITests */,
			);
		};
/* End PBXProject section */

/* Begin PBXResourcesBuildPhase section */
		8AFCA73A27D4900500B1F458 /* Resources */ = {
			isa = PBXResourcesBuildPhase;
			buildActionMask = 2147483647;
			files = (
				8AFCA74F27D4900900B1F458 /* LaunchScreen.storyboard in Resources */,
				8AFCA74C27D4900900B1F458 /* Assets.xcassets in Resources */,
				8AFCA74727D4900500B1F458 /* Main.storyboard in Resources */,
			);
			runOnlyForDeploymentPostprocessing = 0;
		};
		8AFCA75327D4900A00B1F458 /* Resources */ = {
			isa = PBXResourcesBuildPhase;
			buildActionMask = 2147483647;
			files = (
			);
			runOnlyForDeploymentPostprocessing = 0;
		};
		8AFCA75D27D4900A00B1F458 /* Resources */ = {
			isa = PBXResourcesBuildPhase;
			buildActionMask = 2147483647;
			files = (
			);
			runOnlyForDeploymentPostprocessing = 0;
		};
/* End PBXResourcesBuildPhase section */

/* Begin PBXSourcesBuildPhase section */
		8AFCA73827D4900500B1F458 /* Sources */ = {
			isa = PBXSourcesBuildPhase;
			buildActionMask = 2147483647;
			files = (
				8AFCA74427D4900500B1F458 /* ViewController.swift in Sources */,
				8AFCA74027D4900500B1F458 /* AppDelegate.swift in Sources */,
				8AFCA74A27D4900500B1F458 /* demo.xcdatamodeld in Sources */,
				8AFCA74227D4900500B1F458 /* SceneDelegate.swift in Sources */,
			);
			runOnlyForDeploymentPostprocessing = 0;
		};
		8AFCA75127D4900A00B1F458 /* Sources */ = {
			isa = PBXSourcesBuildPhase;
			buildActionMask = 2147483647;
			files = (
				8AFCA75A27D4900A00B1F458 /* demoTests.swift in Sources */,
			);
			runOnlyForDeploymentPostprocessing = 0;
		};
		8AFCA75B27D4900A00B1F458 /* Sources */ = {
			isa = PBXSourcesBuildPhase;
			buildActionMask = 2147483647;
			files = (
				8AFCA76427D4900A00B1F458 /* demoUITests.swift in Sources */,
				8AFCA76627D4900A00B1F458 /* demoUITestsLaunchTests.swift in Sources */,
			);
			runOnlyForDeploymentPostprocessing = 0;
		};
/* End PBXSourcesBuildPhase section */

/* Begin PBXTargetDependency section */
		8AFCA75727D4900A00B1F458 /* PBXTargetDependency */ = {
			isa = PBXTargetDependency;
			target = 8AFCA73B27D4900500B1F458 /* demo */;
			targetProxy = 8AFCA75627D4900A00B1F458 /* PBXContainerItemProxy */;
		};
		8AFCA76127D4900A00B1F458 /* PBXTargetDependency */ = {
			isa = PBXTargetDependency;
			target = 8AFCA73B27D4900500B1F458 /* demo */;
			targetProxy = 8AFCA76027D4900A00B1F458 /* PBXContainerItemProxy */;
		};
/* End PBXTargetDependency section */

/* Begin PBXVariantGroup section */
		8AFCA74527D4900500B1F458 /* Main.storyboard */ = {
			isa = PBXVariantGroup;
			children = (
				8AFCA74627D4900500B1F458 /* Base */,
			);
			name = Main.storyboard;
			sourceTree = "<group>";
		};
		8AFCA74D27D4900900B1F458 /* LaunchScreen.storyboard */ = {
			isa = PBXVariantGroup;
			children = (
				8AFCA74E27D4900900B1F458 /* Base */,
			);
			name = LaunchScreen.storyboard;
			sourceTree = "<group>";
		};
/* End PBXVariantGroup section */

/* Begin XCBuildConfiguration section */
		8AFCA76727D4900A00B1F458 /* Debug */ = {
			isa = XCBuildConfiguration;
			buildSettings = {
				ALWAYS_SEARCH_USER_PATHS = NO;
				CLANG_ANALYZER_NONNULL = YES;
				CLANG_ANALYZER_NUMBER_OBJECT_CONVERSION = YES_AGGRESSIVE;
				CLANG_CXX_LANGUAGE_STANDARD = "gnu++17";
				CLANG_CXX_LIBRARY = "libc++";
				CLANG_ENABLE_MODULES = YES;
				CLANG_ENABLE_OBJC_ARC = YES;
				CLANG_ENABLE_OBJC_WEAK = YES;
				CLANG_WARN_BLOCK_CAPTURE_AUTORELEASING = YES;
				CLANG_WARN_BOOL_CONVERSION = YES;
				CLANG_WARN_COMMA = YES;
				CLANG_WARN_CONSTANT_CONVERSION = YES;
				CLANG_WARN_DEPRECATED_OBJC_IMPLEMENTATIONS = YES;
				CLANG_WARN_DIRECT_OBJC_ISA_USAGE = YES_ERROR;
				CLANG_WARN_DOCUMENTATION_COMMENTS = YES;
				CLANG_WARN_EMPTY_BODY = YES;
				CLANG_WARN_ENUM_CONVERSION = YES;
				CLANG_WARN_INFINITE_RECURSION = YES;
				CLANG_WARN_INT_CONVERSION = YES;
				CLANG_WARN_NON_LITERAL_NULL_CONVERSION = YES;
				CLANG_WARN_OBJC_IMPLICIT_RETAIN_SELF = YES;
				CLANG_WARN_OBJC_LITERAL_CONVERSION = YES;
				CLANG_WARN_OBJC_ROOT_CLASS = YES_ERROR;
				CLANG_WARN_QUOTED_INCLUDE_IN_FRAMEWORK_HEADER = YES;
				CLANG_WARN_RANGE_LOOP_ANALYSIS = YES;
				CLANG_WARN_STRICT_PROTOTYPES = YES;
				CLANG_WARN_SUSPICIOUS_MOVE = YES;
				CLANG_WARN_UNGUARDED_AVAILABILITY = YES_AGGRESSIVE;
				CLANG_WARN_UNREACHABLE_CODE = YES;
				CLANG_WARN__DUPLICATE_METHOD_MATCH = YES;
				COPY_PHASE_STRIP = NO;
				DEBUG_INFORMATION_FORMAT = dwarf;
				ENABLE_STRICT_OBJC_MSGSEND = YES;
				ENABLE_TESTABILITY = YES;
				GCC_C_LANGUAGE_STANDARD = gnu11;
				GCC_DYNAMIC_NO_PIC = NO;
				GCC_NO_COMMON_BLOCKS = YES;
				GCC_OPTIMIZATION_LEVEL = 0;
				GCC_PREPROCESSOR_DEFINITIONS = (
					"DEBUG=1",
					"$(inherited)",
				);
				GCC_WARN_64_TO_32_BIT_CONVERSION = YES;
				GCC_WARN_ABOUT_RETURN_TYPE = YES_ERROR;
				GCC_WARN_UNDECLARED_SELECTOR = YES;
				GCC_WARN_UNINITIALIZED_AUTOS = YES_AGGRESSIVE;
				GCC_WARN_UNUSED_FUNCTION = YES;
				GCC_WARN_UNUSED_VARIABLE = YES;
				IPHONEOS_DEPLOYMENT_TARGET = 15.2;
				MTL_ENABLE_DEBUG_INFO = INCLUDE_SOURCE;
				MTL_FAST_MATH = YES;
				ONLY_ACTIVE_ARCH = YES;
				SDKROOT = iphoneos;
				SWIFT_ACTIVE_COMPILATION_CONDITIONS = DEBUG;
				SWIFT_OPTIMIZATION_LEVEL = "-Onone";
			};
			name = Debug;
		};
		8AFCA76827D4900A00B1F458 /* Release */ = {
			isa = XCBuildConfiguration;
			buildSettings = {
				ALWAYS_SEARCH_USER_PATHS = NO;
				CLANG_ANALYZER_NONNULL = YES;
				CLANG_ANALYZER_NUMBER_OBJECT_CONVERSION = YES_AGGRESSIVE;
				CLANG_CXX_LANGUAGE_STANDARD = "gnu++17";
				CLANG_CXX_LIBRARY = "libc++";
				CLANG_ENABLE_MODULES = YES;
				CLANG_ENABLE_OBJC_ARC = YES;
				CLANG_ENABLE_OBJC_WEAK = YES;
				CLANG_WARN_BLOCK_CAPTURE_AUTORELEASING = YES;
				CLANG_WARN_BOOL_CONVERSION = YES;
				CLANG_WARN_COMMA = YES;
				CLANG_WARN_CONSTANT_CONVERSION = YES;
				CLANG_WARN_DEPRECATED_OBJC_IMPLEMENTATIONS = YES;
				CLANG_WARN_DIRECT_OBJC_ISA_USAGE = YES_ERROR;
				CLANG_WARN_DOCUMENTATION_COMMENTS = YES;
				CLANG_WARN_EMPTY_BODY = YES;
				CLANG_WARN_ENUM_CONVERSION = YES;
				CLANG_WARN_INFINITE_RECURSION = YES;
				CLANG_WARN_INT_CONVERSION = YES;
				CLANG_WARN_NON_LITERAL_NULL_CONVERSION = YES;
				CLANG_WARN_OBJC_IMPLICIT_RETAIN_SELF = YES;
				CLANG_WARN_OBJC_LITERAL_CONVERSION = YES;
				CLANG_WARN_OBJC_ROOT_CLASS = YES_ERROR;
				CLANG_WARN_QUOTED_INCLUDE_IN_FRAMEWORK_HEADER = YES;
				CLANG_WARN_RANGE_LOOP_ANALYSIS = YES;
				CLANG_WARN_STRICT_PROTOTYPES = YES;
				CLANG_WARN_SUSPICIOUS_MOVE = YES;
				CLANG_WARN_UNGUARDED_AVAILABILITY = YES_AGGRESSIVE;
				CLANG_WARN_UNREACHABLE_CODE = YES;
				CLANG_WARN__DUPLICATE_METHOD_MATCH = YES;
				COPY_PHASE_STRIP = NO;
				DEBUG_INFORMATION_FORMAT = "dwarf-with-dsym";
				ENABLE_NS_ASSERTIONS = NO;
				ENABLE_STRICT_OBJC_MSGSEND = YES;
				GCC_C_LANGUAGE_STANDARD = gnu11;
				GCC_NO_COMMON_BLOCKS = YES;
				GCC_WARN_64_TO_32_BIT_CONVERSION = YES;
				GCC_WARN_ABOUT_RETURN_TYPE = YES_ERROR;
				GCC_WARN_UNDECLARED_SELECTOR = YES;
				GCC_WARN_UNINITIALIZED_AUTOS = YES_AGGRESSIVE;
				GCC_WARN_UNUSED_FUNCTION = YES;
				GCC_WARN_UNUSED_VARIABLE = YES;
				IPHONEOS_DEPLOYMENT_TARGET = 15.2;
				MTL_ENABLE_DEBUG_INFO = NO;
				MTL_FAST_MATH = YES;
				SDKROOT = iphoneos;
				SWIFT_COMPILATION_MODE = wholemodule;
				SWIFT_OPTIMIZATION_LEVEL = "-O";
				VALIDATE_PRODUCT = YES;
			};
			name = Release;
		};
		8AFCA76A27D4900A00B1F458 /* Debug */ = {
			isa = XCBuildConfiguration;
			buildSettings = {
				ASSETCATALOG_COMPILER_APPICON_NAME = AppIcon;
				ASSETCATALOG_COMPILER_GLOBAL_ACCENT_COLOR_NAME = AccentColor;
				CODE_SIGN_STYLE = Automatic;
				CURRENT_PROJECT_VERSION = 1;
				DEVELOPMENT_TEAM = DN72N27T6J;
				GENERATE_INFOPLIST_FILE = YES;
				INFOPLIST_FILE = demo/Info.plist;
				INFOPLIST_KEY_UIApplicationSupportsIndirectInputEvents = YES;
				INFOPLIST_KEY_UILaunchStoryboardName = LaunchScreen;
				INFOPLIST_KEY_UIMainStoryboardFile = Main;
				INFOPLIST_KEY_UISupportedInterfaceOrientations_iPad = "UIInterfaceOrientationPortrait UIInterfaceOrientationPortraitUpsideDown UIInterfaceOrientationLandscapeLeft UIInterfaceOrientationLandscapeRight";
				INFOPLIST_KEY_UISupportedInterfaceOrientations_iPhone = "UIInterfaceOrientationPortrait UIInterfaceOrientationLandscapeLeft UIInterfaceOrientationLandscapeRight";
				LD_RUNPATH_SEARCH_PATHS = (
					"$(inherited)",
					"@executable_path/Frameworks",
				);
				MARKETING_VERSION = 1.0;
				PRODUCT_BUNDLE_IDENTIFIER = demoZZZ.demo;
				PRODUCT_NAME = "$(TARGET_NAME)";
				SWIFT_EMIT_LOC_STRINGS = YES;
				SWIFT_VERSION = 5.0;
				TARGETED_DEVICE_FAMILY = "1,2";
			};
			name = Debug;
		};
		8AFCA76B27D4900A00B1F458 /* Release */ = {
			isa = XCBuildConfiguration;
			buildSettings = {
				ASSETCATALOG_COMPILER_APPICON_NAME = AppIcon;
				ASSETCATALOG_COMPILER_GLOBAL_ACCENT_COLOR_NAME = AccentColor;
				CODE_SIGN_STYLE = Automatic;
				CURRENT_PROJECT_VERSION = 1;
				DEVELOPMENT_TEAM = DN72N27T6J;
				GENERATE_INFOPLIST_FILE = YES;
				INFOPLIST_FILE = demo/Info.plist;
				INFOPLIST_KEY_UIApplicationSupportsIndirectInputEvents = YES;
				INFOPLIST_KEY_UILaunchStoryboardName = LaunchScreen;
				INFOPLIST_KEY_UIMainStoryboardFile = Main;
				INFOPLIST_KEY_UISupportedInterfaceOrientations_iPad = "UIInterfaceOrientationPortrait UIInterfaceOrientationPortraitUpsideDown UIInterfaceOrientationLandscapeLeft UIInterfaceOrientationLandscapeRight";
				INFOPLIST_KEY_UISupportedInterfaceOrientations_iPhone = "UIInterfaceOrientationPortrait UIInterfaceOrientationLandscapeLeft UIInterfaceOrientationLandscapeRight";
				LD_RUNPATH_SEARCH_PATHS = (
					"$(inherited)",
					"@executable_path/Frameworks",
				);
				MARKETING_VERSION = 1.0;
				PRODUCT_BUNDLE_IDENTIFIER = demoZZZ.demo;
				PRODUCT_NAME = "$(TARGET_NAME)";
				SWIFT_EMIT_LOC_STRINGS = YES;
				SWIFT_VERSION = 5.0;
				TARGETED_DEVICE_FAMILY = "1,2";
			};
			name = Release;
		};
		8AFCA76D27D4900A00B1F458 /* Debug */ = {
			isa = XCBuildConfiguration;
			buildSettings = {
				ALWAYS_EMBED_SWIFT_STANDARD_LIBRARIES = YES;
				BUNDLE_LOADER = "$(TEST_HOST)";
				CODE_SIGN_STYLE = Automatic;
				CURRENT_PROJECT_VERSION = 1;
				GENERATE_INFOPLIST_FILE = YES;
				IPHONEOS_DEPLOYMENT_TARGET = 15.2;
				MARKETING_VERSION = 1.0;
				PRODUCT_BUNDLE_IDENTIFIER = demoZZZ.demoTests;
				PRODUCT_NAME = "$(TARGET_NAME)";
				SWIFT_EMIT_LOC_STRINGS = NO;
				SWIFT_VERSION = 5.0;
				TARGETED_DEVICE_FAMILY = "1,2";
				TEST_HOST = "$(BUILT_PRODUCTS_DIR)/demo.app/demo";
			};
			name = Debug;
		};
		8AFCA76E27D4900A00B1F458 /* Release */ = {
			isa = XCBuildConfiguration;
			buildSettings = {
				ALWAYS_EMBED_SWIFT_STANDARD_LIBRARIES = YES;
				BUNDLE_LOADER = "$(TEST_HOST)";
				CODE_SIGN_STYLE = Automatic;
				CURRENT_PROJECT_VERSION = 1;
				GENERATE_INFOPLIST_FILE = YES;
				IPHONEOS_DEPLOYMENT_TARGET = 15.2;
				MARKETING_VERSION = 1.0;
				PRODUCT_BUNDLE_IDENTIFIER = demoZZZ.demoTests;
				PRODUCT_NAME = "$(TARGET_NAME)";
				SWIFT_EMIT_LOC_STRINGS = NO;
				SWIFT_VERSION = 5.0;
				TARGETED_DEVICE_FAMILY = "1,2";
				TEST_HOST = "$(BUILT_PRODUCTS_DIR)/demo.app/demo";
			};
			name = Release;
		};
		8AFCA77027D4900A00B1F458 /* Debug */ = {
			isa = XCBuildConfiguration;
			buildSettings = {
				ALWAYS_EMBED_SWIFT_STANDARD_LIBRARIES = YES;
				CODE_SIGN_STYLE = Automatic;
				CURRENT_PROJECT_VERSION = 1;
				GENERATE_INFOPLIST_FILE = YES;
				MARKETING_VERSION = 1.0;
				PRODUCT_BUNDLE_IDENTIFIER = demoZZZ.demoUITests;
				PRODUCT_NAME = "$(TARGET_NAME)";
				SWIFT_EMIT_LOC_STRINGS = NO;
				SWIFT_VERSION = 5.0;
				TARGETED_DEVICE_FAMILY = "1,2";
				TEST_TARGET_NAME = demo;
			};
			name = Debug;
		};
		8AFCA77127D4900A00B1F458 /* Release */ = {
			isa = XCBuildConfiguration;
			buildSettings = {
				ALWAYS_EMBED_SWIFT_STANDARD_LIBRARIES = YES;
				CODE_SIGN_STYLE = Automatic;
				CURRENT_PROJECT_VERSION = 1;
				GENERATE_INFOPLIST_FILE = YES;
				MARKETING_VERSION = 1.0;
				PRODUCT_BUNDLE_IDENTIFIER = demoZZZ.demoUITests;
				PRODUCT_NAME = "$(TARGET_NAME)";
				SWIFT_EMIT_LOC_STRINGS = NO;
				SWIFT_VERSION = 5.0;
				TARGETED_DEVICE_FAMILY = "1,2";
				TEST_TARGET_NAME = demo;
			};
			name = Release;
		};
/* End XCBuildConfiguration section */

/* Begin XCConfigurationList section */
		8AFCA73727D4900500B1F458 /* Build configuration list for PBXProject "demo" */ = {
			isa = XCConfigurationList;
			buildConfigurations = (
				8AFCA76727D4900A00B1F458 /* Debug */,
				8AFCA76827D4900A00B1F458 /* Release */,
			);
			defaultConfigurationIsVisible = 0;
			defaultConfigurationName = Release;
		};
		8AFCA76927D4900A00B1F458 /* Build configuration list for PBXNativeTarget "demo" */ = {
			isa = XCConfigurationList;
			buildConfigurations = (
				8AFCA76A27D4900A00B1F458 /* Debug */,
				8AFCA76B27D4900A00B1F458 /* Release */,
			);
			defaultConfigurationIsVisible = 0;
			defaultConfigurationName = Release;
		};
		8AFCA76C27D4900A00B1F458 /* Build configuration list for PBXNativeTarget "demoTests" */ = {
			isa = XCConfigurationList;
			buildConfigurations = (
				8AFCA76D27D4900A00B1F458 /* Debug */,
				8AFCA76E27D4900A00B1F458 /* Release */,
			);
			defaultConfigurationIsVisible = 0;
			defaultConfigurationName = Release;
		};
		8AFCA76F27D4900A00B1F458 /* Build configuration list for PBXNativeTarget "demoUITests" */ = {
			isa = XCConfigurationList;
			buildConfigurations = (
				8AFCA77027D4900A00B1F458 /* Debug */,
				8AFCA77127D4900A00B1F458 /* Release */,
			);
			defaultConfigurationIsVisible = 0;
			defaultConfigurationName = Release;
		};
/* End XCConfigurationList section */

/* Begin XCVersionGroup section */
		8AFCA74827D4900500B1F458 /* demo.xcdatamodeld */ = {
			isa = XCVersionGroup;
			children = (
				8AFCA74927D4900500B1F458 /* demo.xcdatamodel */,
			);
			currentVersion = 8AFCA74927D4900500B1F458 /* demo.xcdatamodel */;
			path = demo.xcdatamodeld;
			sourceTree = "<group>";
			versionGroupType = wrapper.xcdatamodel;
		};
/* End XCVersionGroup section */
	};
	rootObject = 8AFCA73427D4900500B1F458 /* Project object */;
}
